
Microsoft Visual Studio Solution File, Format Version 12.00
# Visual Studio Version 17
VisualStudioVersion = 17.9.34714.143
MinimumVisualStudioVersion = 10.0.40219.1
Project("{2150E333-8FDC-42A3-9474-1A3956D46DE8}") = "Infrastructure", "Infrastructure", "{5C1A2999-6741-4C6A-9FB4-5C875126A72E}"
EndProject
Project("{2150E333-8FDC-42A3-9474-1A3956D46DE8}") = "UI", "UI", "{A3E4C981-3A18-49F2-8009-450B4FD207A7}"
EndProject
Project("{9A19103F-16F7-4668-BE54-9A1E7A4F7556}") = "Todo.Persistence", "Todo.Persistence\Todo.Persistence.csproj", "{70B20C6A-5D9C-4B36-8A67-D230C768654A}"
EndProject
Project("{2150E333-8FDC-42A3-9474-1A3956D46DE8}") = "API", "API", "{33B8F99F-EBD8-49C7-B6E1-5D6E49EA15FF}"
EndProject
Project("{9A19103F-16F7-4668-BE54-9A1E7A4F7556}") = "Todo.API", "Todo.API\Todo.API.csproj", "{C09692FA-B10F-4A8B-B9CA-553E1A700E84}"
EndProject
Project("{2150E333-8FDC-42A3-9474-1A3956D46DE8}") = "Services", "Services", "{763A55D6-1FEB-4055-8709-DF59CCBFC17E}"
EndProject
Project("{9A19103F-16F7-4668-BE54-9A1E7A4F7556}") = "TodoAPI.Services", "TodoAPI.Services\TodoAPI.Services.csproj", "{E8F2B2B4-CEF2-429E-AADF-E58DF6933396}"
EndProject
Project("{FAE04EC0-301F-11D3-BF4B-00C04F79EFBC}") = "TodoAPI.Models", "TodoAPI.Models\TodoAPI.Models.csproj", "{DC4EDEA1-95D0-47AB-B33E-359A88C79407}"
EndProject
Global
	GlobalSection(SolutionConfigurationPlatforms) = preSolution
		Debug|Any CPU = Debug|Any CPU
		Release|Any CPU = Release|Any CPU
	EndGlobalSection
	GlobalSection(ProjectConfigurationPlatforms) = postSolution
		{70B20C6A-5D9C-4B36-8A67-D230C768654A}.Debug|Any CPU.ActiveCfg = Debug|Any CPU
		{70B20C6A-5D9C-4B36-8A67-D230C768654A}.Debug|Any CPU.Build.0 = Debug|Any CPU
		{70B20C6A-5D9C-4B36-8A67-D230C768654A}.Release|Any CPU.ActiveCfg = Release|Any CPU
		{70B20C6A-5D9C-4B36-8A67-D230C768654A}.Release|Any CPU.Build.0 = Release|Any CPU
		{C09692FA-B10F-4A8B-B9CA-553E1A700E84}.Debug|Any CPU.ActiveCfg = Debug|Any CPU
		{C09692FA-B10F-4A8B-B9CA-553E1A700E84}.Debug|Any CPU.Build.0 = Debug|Any CPU
		{C09692FA-B10F-4A8B-B9CA-553E1A700E84}.Release|Any CPU.ActiveCfg = Release|Any CPU
		{C09692FA-B10F-4A8B-B9CA-553E1A700E84}.Release|Any CPU.Build.0 = Release|Any CPU
		{E8F2B2B4-CEF2-429E-AADF-E58DF6933396}.Debug|Any CPU.ActiveCfg = Debug|Any CPU
		{E8F2B2B4-CEF2-429E-AADF-E58DF6933396}.Debug|Any CPU.Build.0 = Debug|Any CPU
		{E8F2B2B4-CEF2-429E-AADF-E58DF6933396}.Release|Any CPU.ActiveCfg = Release|Any CPU
		{E8F2B2B4-CEF2-429E-AADF-E58DF6933396}.Release|Any CPU.Build.0 = Release|Any CPU
		{DC4EDEA1-95D0-47AB-B33E-359A88C79407}.Debug|Any CPU.ActiveCfg = Debug|Any CPU
		{DC4EDEA1-95D0-47AB-B33E-359A88C79407}.Debug|Any CPU.Build.0 = Debug|Any CPU
		{DC4EDEA1-95D0-47AB-B33E-359A88C79407}.Release|Any CPU.ActiveCfg = Release|Any CPU
		{DC4EDEA1-95D0-47AB-B33E-359A88C79407}.Release|Any CPU.Build.0 = Release|Any CPU
	EndGlobalSection
	GlobalSection(SolutionProperties) = preSolution
		HideSolutionNode = FALSE
	EndGlobalSection
	GlobalSection(NestedProjects) = preSolution
		{70B20C6A-5D9C-4B36-8A67-D230C768654A} = {5C1A2999-6741-4C6A-9FB4-5C875126A72E}
		{C09692FA-B10F-4A8B-B9CA-553E1A700E84} = {33B8F99F-EBD8-49C7-B6E1-5D6E49EA15FF}
		{E8F2B2B4-CEF2-429E-AADF-E58DF6933396} = {763A55D6-1FEB-4055-8709-DF59CCBFC17E}
		{DC4EDEA1-95D0-47AB-B33E-359A88C79407} = {763A55D6-1FEB-4055-8709-DF59CCBFC17E}
	EndGlobalSection
	GlobalSection(ExtensibilityGlobals) = postSolution
		SolutionGuid = {0F3D162C-7CA1-4D6C-B9B7-49862FBD39EA}
	EndGlobalSection
EndGlobal
